// !$*UTF8*$!
{
	archiveVersion = 1;
	classes = {
	};
	objectVersion = 50;
	objects = {

/* Begin PBXBuildFile section */
		2802285A269F352E00E4330B /* ImageViewLearningBlog.swift in Sources */ = {isa = PBXBuildFile; fileRef = 28022859269F352E00E4330B /* ImageViewLearningBlog.swift */; };
		2802285C269F355A00E4330B /* LayoutSystemGuide.swift in Sources */ = {isa = PBXBuildFile; fileRef = 2802285B269F355A00E4330B /* LayoutSystemGuide.swift */; };
		28022861269F35C400E4330B /* CalendarView.swift in Sources */ = {isa = PBXBuildFile; fileRef = 28022860269F35C400E4330B /* CalendarView.swift */; };
		28022863269F4A5500E4330B /* EventHeader.swift in Sources */ = {isa = PBXBuildFile; fileRef = 28022862269F4A5500E4330B /* EventHeader.swift */; };
		28FDA7C6269DA3A800F36261 /* teste_image_swiftuiApp.swift in Sources */ = {isa = PBXBuildFile; fileRef = 28FDA7C5269DA3A800F36261 /* teste_image_swiftuiApp.swift */; };
		28FDA7C8269DA3A800F36261 /* ContentView.swift in Sources */ = {isa = PBXBuildFile; fileRef = 28FDA7C7269DA3A800F36261 /* ContentView.swift */; };
		28FDA7CA269DA3AB00F36261 /* Assets.xcassets in Resources */ = {isa = PBXBuildFile; fileRef = 28FDA7C9269DA3AB00F36261 /* Assets.xcassets */; };
		28FDA7CD269DA3AB00F36261 /* Preview Assets.xcassets in Resources */ = {isa = PBXBuildFile; fileRef = 28FDA7CC269DA3AB00F36261 /* Preview Assets.xcassets */; };
/* End PBXBuildFile section */

/* Begin PBXFileReference section */
		28022859269F352E00E4330B /* ImageViewLearningBlog.swift */ = {isa = PBXFileReference; lastKnownFileType = sourcecode.swift; path = ImageViewLearningBlog.swift; sourceTree = "<group>"; };
		2802285B269F355A00E4330B /* LayoutSystemGuide.swift */ = {isa = PBXFileReference; lastKnownFileType = sourcecode.swift; path = LayoutSystemGuide.swift; sourceTree = "<group>"; };
		28022860269F35C400E4330B /* CalendarView.swift */ = {isa = PBXFileReference; lastKnownFileType = sourcecode.swift; path = CalendarView.swift; sourceTree = "<group>"; };
		28022862269F4A5500E4330B /* EventHeader.swift */ = {isa = PBXFileReference; lastKnownFileType = sourcecode.swift; path = EventHeader.swift; sourceTree = "<group>"; };
		28FDA7C2269DA3A800F36261 /* teste-image-swiftui.app */ = {isa = PBXFileReference; explicitFileType = wrapper.application; includeInIndex = 0; path = "teste-image-swiftui.app"; sourceTree = BUILT_PRODUCTS_DIR; };
		28FDA7C5269DA3A800F36261 /* teste_image_swiftuiApp.swift */ = {isa = PBXFileReference; lastKnownFileType = sourcecode.swift; path = teste_image_swiftuiApp.swift; sourceTree = "<group>"; };
		28FDA7C7269DA3A800F36261 /* ContentView.swift */ = {isa = PBXFileReference; lastKnownFileType = sourcecode.swift; path = ContentView.swift; sourceTree = "<group>"; };
		28FDA7C9269DA3AB00F36261 /* Assets.xcassets */ = {isa = PBXFileReference; lastKnownFileType = folder.assetcatalog; path = Assets.xcassets; sourceTree = "<group>"; };
		28FDA7CC269DA3AB00F36261 /* Preview Assets.xcassets */ = {isa = PBXFileReference; lastKnownFileType = folder.assetcatalog; path = "Preview Assets.xcassets"; sourceTree = "<group>"; };
		28FDA7CE269DA3AB00F36261 /* Info.plist */ = {isa = PBXFileReference; lastKnownFileType = text.plist.xml; path = Info.plist; sourceTree = "<group>"; };
/* End PBXFileReference section */

/* Begin PBXFrameworksBuildPhase section */
		28FDA7BF269DA3A800F36261 /* Frameworks */ = {
			isa = PBXFrameworksBuildPhase;
			buildActionMask = 2147483647;
			files = (
			);
			runOnlyForDeploymentPostprocessing = 0;
		};
/* End PBXFrameworksBuildPhase section */

/* Begin PBXGroup section */
		2802285D269F356300E4330B /* View */ = {
			isa = PBXGroup;
			children = (
				28FDA7C7269DA3A800F36261 /* ContentView.swift */,
				2802285F269F357D00E4330B /* ImageAndSpacings */,
				2802285E269F357300E4330B /* LayoutSystemGuide */,
			);
			path = View;
			sourceTree = "<group>";
		};
		2802285E269F357300E4330B /* LayoutSystemGuide */ = {
			isa = PBXGroup;
			children = (
				2802285B269F355A00E4330B /* LayoutSystemGuide.swift */,
				28022860269F35C400E4330B /* CalendarView.swift */,
				28022862269F4A5500E4330B /* EventHeader.swift */,
			);
			path = LayoutSystemGuide;
			sourceTree = "<group>";
		};
		2802285F269F357D00E4330B /* ImageAndSpacings */ = {
			isa = PBXGroup;
			children = (
				28022859269F352E00E4330B /* ImageViewLearningBlog.swift */,
			);
			path = ImageAndSpacings;
			sourceTree = "<group>";
		};
		28FDA7B9269DA3A800F36261 = {
			isa = PBXGroup;
			children = (
				28FDA7C4269DA3A800F36261 /* teste-image-swiftui */,
				28FDA7C3269DA3A800F36261 /* Products */,
			);
			sourceTree = "<group>";
		};
		28FDA7C3269DA3A800F36261 /* Products */ = {
			isa = PBXGroup;
			children = (
				28FDA7C2269DA3A800F36261 /* teste-image-swiftui.app */,
			);
			name = Products;
			sourceTree = "<group>";
		};
		28FDA7C4269DA3A800F36261 /* teste-image-swiftui */ = {
			isa = PBXGroup;
			children = (
				2802285D269F356300E4330B /* View */,
				28FDA7C5269DA3A800F36261 /* teste_image_swiftuiApp.swift */,
				28FDA7C9269DA3AB00F36261 /* Assets.xcassets */,
				28FDA7CE269DA3AB00F36261 /* Info.plist */,
				28FDA7CB269DA3AB00F36261 /* Preview Content */,
			);
			path = "teste-image-swiftui";
			sourceTree = "<group>";
		};
		28FDA7CB269DA3AB00F36261 /* Preview Content */ = {
			isa = PBXGroup;
			children = (
				28FDA7CC269DA3AB00F36261 /* Preview Assets.xcassets */,
			);
			path = "Preview Content";
			sourceTree = "<group>";
		};
/* End PBXGroup section */

/* Begin PBXNativeTarget section */
		28FDA7C1269DA3A800F36261 /* teste-image-swiftui */ = {
			isa = PBXNativeTarget;
			buildConfigurationList = 28FDA7D1269DA3AB00F36261 /* Build configuration list for PBXNativeTarget "teste-image-swiftui" */;
			buildPhases = (
				28FDA7BE269DA3A800F36261 /* Sources */,
				28FDA7BF269DA3A800F36261 /* Frameworks */,
				28FDA7C0269DA3A800F36261 /* Resources */,
			);
			buildRules = (
			);
			dependencies = (
			);
			name = "teste-image-swiftui";
			productName = "teste-image-swiftui";
			productReference = 28FDA7C2269DA3A800F36261 /* teste-image-swiftui.app */;
			productType = "com.apple.product-type.application";
		};
/* End PBXNativeTarget section */

/* Begin PBXProject section */
		28FDA7BA269DA3A800F36261 /* Project object */ = {
			isa = PBXProject;
			attributes = {
				LastSwiftUpdateCheck = 1250;
				LastUpgradeCheck = 1250;
				TargetAttributes = {
					28FDA7C1269DA3A800F36261 = {
						CreatedOnToolsVersion = 12.5.1;
					};
				};
			};
			buildConfigurationList = 28FDA7BD269DA3A800F36261 /* Build configuration list for PBXProject "teste-image-swiftui" */;
			compatibilityVersion = "Xcode 9.3";
			developmentRegion = en;
			hasScannedForEncodings = 0;
			knownRegions = (
				en,
				Base,
			);
			mainGroup = 28FDA7B9269DA3A800F36261;
			productRefGroup = 28FDA7C3269DA3A800F36261 /* Products */;
			projectDirPath = "";
			projectRoot = "";
			targets = (
				28FDA7C1269DA3A800F36261 /* teste-image-swiftui */,
			);
		};
/* End PBXProject section */

/* Begin PBXResourcesBuildPhase section */
		28FDA7C0269DA3A800F36261 /* Resources */ = {
			isa = PBXResourcesBuildPhase;
			buildActionMask = 2147483647;
			files = (
				28FDA7CD269DA3AB00F36261 /* Preview Assets.xcassets in Resources */,
				28FDA7CA269DA3AB00F36261 /* Assets.xcassets in Resources */,
			);
			runOnlyForDeploymentPostprocessing = 0;
		};
/* End PBXResourcesBuildPhase section */

/* Begin PBXSourcesBuildPhase section */
		28FDA7BE269DA3A800F36261 /* Sources */ = {
			isa = PBXSourcesBuildPhase;
			buildActionMask = 2147483647;
			files = (
				28022861269F35C400E4330B /* CalendarView.swift in Sources */,
				28FDA7C8269DA3A800F36261 /* ContentView.swift in Sources */,
				28FDA7C6269DA3A800F36261 /* teste_image_swiftuiApp.swift in Sources */,
				28022863269F4A5500E4330B /* EventHeader.swift in Sources */,
				2802285A269F352E00E4330B /* ImageViewLearningBlog.swift in Sources */,
				2802285C269F355A00E4330B /* LayoutSystemGuide.swift in Sources */,
			);
			runOnlyForDeploymentPostprocessing = 0;
		};
/* End PBXSourcesBuildPhase section */

/* Begin XCBuildConfiguration section */
		28FDA7CF269DA3AB00F36261 /* Debug */ = {
			isa = XCBuildConfiguration;
			buildSettings = {
				ALWAYS_SEARCH_USER_PATHS = NO;
				CLANG_ANALYZER_NONNULL = YES;
				CLANG_ANALYZER_NUMBER_OBJECT_CONVERSION = YES_AGGRESSIVE;
				CLANG_CXX_LANGUAGE_STANDARD = "gnu++14";
				CLANG_CXX_LIBRARY = "libc++";
				CLANG_ENABLE_MODULES = YES;
				CLANG_ENABLE_OBJC_ARC = YES;
				CLANG_ENABLE_OBJC_WEAK = YES;
				CLANG_WARN_BLOCK_CAPTURE_AUTORELEASING = YES;
				CLANG_WARN_BOOL_CONVERSION = YES;
				CLANG_WARN_COMMA = YES;
				CLANG_WARN_CONSTANT_CONVERSION = YES;
				CLANG_WARN_DEPRECATED_OBJC_IMPLEMENTATIONS = YES;
				CLANG_WARN_DIRECT_OBJC_ISA_USAGE = YES_ERROR;
				CLANG_WARN_DOCUMENTATION_COMMENTS = YES;
				CLANG_WARN_EMPTY_BODY = YES;
				CLANG_WARN_ENUM_CONVERSION = YES;
				CLANG_WARN_INFINITE_RECURSION = YES;
				CLANG_WARN_INT_CONVERSION = YES;
				CLANG_WARN_NON_LITERAL_NULL_CONVERSION = YES;
				CLANG_WARN_OBJC_IMPLICIT_RETAIN_SELF = YES;
				CLANG_WARN_OBJC_LITERAL_CONVERSION = YES;
				CLANG_WARN_OBJC_ROOT_CLASS = YES_ERROR;
				CLANG_WARN_QUOTED_INCLUDE_IN_FRAMEWORK_HEADER = YES;
				CLANG_WARN_RANGE_LOOP_ANALYSIS = YES;
				CLANG_WARN_STRICT_PROTOTYPES = YES;
				CLANG_WARN_SUSPICIOUS_MOVE = YES;
				CLANG_WARN_UNGUARDED_AVAILABILITY = YES_AGGRESSIVE;
				CLANG_WARN_UNREACHABLE_CODE = YES;
				CLANG_WARN__DUPLICATE_METHOD_MATCH = YES;
				COPY_PHASE_STRIP = NO;
				DEBUG_INFORMATION_FORMAT = dwarf;
				ENABLE_STRICT_OBJC_MSGSEND = YES;
				ENABLE_TESTABILITY = YES;
				GCC_C_LANGUAGE_STANDARD = gnu11;
				GCC_DYNAMIC_NO_PIC = NO;
				GCC_NO_COMMON_BLOCKS = YES;
				GCC_OPTIMIZATION_LEVEL = 0;
				GCC_PREPROCESSOR_DEFINITIONS = (
					"DEBUG=1",
					"$(inherited)",
				);
				GCC_WARN_64_TO_32_BIT_CONVERSION = YES;
				GCC_WARN_ABOUT_RETURN_TYPE = YES_ERROR;
				GCC_WARN_UNDECLARED_SELECTOR = YES;
				GCC_WARN_UNINITIALIZED_AUTOS = YES_AGGRESSIVE;
				GCC_WARN_UNUSED_FUNCTION = YES;
				GCC_WARN_UNUSED_VARIABLE = YES;
				IPHONEOS_DEPLOYMENT_TARGET = 14.5;
				MTL_ENABLE_DEBUG_INFO = INCLUDE_SOURCE;
				MTL_FAST_MATH = YES;
				ONLY_ACTIVE_ARCH = YES;
				SDKROOT = iphoneos;
				SWIFT_ACTIVE_COMPILATION_CONDITIONS = DEBUG;
				SWIFT_OPTIMIZATION_LEVEL = "-Onone";
			};
			name = Debug;
		};
		28FDA7D0269DA3AB00F36261 /* Release */ = {
			isa = XCBuildConfiguration;
			buildSettings = {
				ALWAYS_SEARCH_USER_PATHS = NO;
				CLANG_ANALYZER_NONNULL = YES;
				CLANG_ANALYZER_NUMBER_OBJECT_CONVERSION = YES_AGGRESSIVE;
				CLANG_CXX_LANGUAGE_STANDARD = "gnu++14";
				CLANG_CXX_LIBRARY = "libc++";
				CLANG_ENABLE_MODULES = YES;
				CLANG_ENABLE_OBJC_ARC = YES;
				CLANG_ENABLE_OBJC_WEAK = YES;
				CLANG_WARN_BLOCK_CAPTURE_AUTORELEASING = YES;
				CLANG_WARN_BOOL_CONVERSION = YES;
				CLANG_WARN_COMMA = YES;
				CLANG_WARN_CONSTANT_CONVERSION = YES;
				CLANG_WARN_DEPRECATED_OBJC_IMPLEMENTATIONS = YES;
				CLANG_WARN_DIRECT_OBJC_ISA_USAGE = YES_ERROR;
				CLANG_WARN_DOCUMENTATION_COMMENTS = YES;
				CLANG_WARN_EMPTY_BODY = YES;
				CLANG_WARN_ENUM_CONVERSION = YES;
				CLANG_WARN_INFINITE_RECURSION = YES;
				CLANG_WARN_INT_CONVERSION = YES;
				CLANG_WARN_NON_LITERAL_NULL_CONVERSION = YES;
				CLANG_WARN_OBJC_IMPLICIT_RETAIN_SELF = YES;
				CLANG_WARN_OBJC_LITERAL_CONVERSION = YES;
				CLANG_WARN_OBJC_ROOT_CLASS = YES_ERROR;
				CLANG_WARN_QUOTED_INCLUDE_IN_FRAMEWORK_HEADER = YES;
				CLANG_WARN_RANGE_LOOP_ANALYSIS = YES;
				CLANG_WARN_STRICT_PROTOTYPES = YES;
				CLANG_WARN_SUSPICIOUS_MOVE = YES;
				CLANG_WARN_UNGUARDED_AVAILABILITY = YES_AGGRESSIVE;
				CLANG_WARN_UNREACHABLE_CODE = YES;
				CLANG_WARN__DUPLICATE_METHOD_MATCH = YES;
				COPY_PHASE_STRIP = NO;
				DEBUG_INFORMATION_FORMAT = "dwarf-with-dsym";
				ENABLE_NS_ASSERTIONS = NO;
				ENABLE_STRICT_OBJC_MSGSEND = YES;
				GCC_C_LANGUAGE_STANDARD = gnu11;
				GCC_NO_COMMON_BLOCKS = YES;
				GCC_WARN_64_TO_32_BIT_CONVERSION = YES;
				GCC_WARN_ABOUT_RETURN_TYPE = YES_ERROR;
				GCC_WARN_UNDECLARED_SELECTOR = YES;
				GCC_WARN_UNINITIALIZED_AUTOS = YES_AGGRESSIVE;
				GCC_WARN_UNUSED_FUNCTION = YES;
				GCC_WARN_UNUSED_VARIABLE = YES;
				IPHONEOS_DEPLOYMENT_TARGET = 14.5;
				MTL_ENABLE_DEBUG_INFO = NO;
				MTL_FAST_MATH = YES;
				SDKROOT = iphoneos;
				SWIFT_COMPILATION_MODE = wholemodule;
				SWIFT_OPTIMIZATION_LEVEL = "-O";
				VALIDATE_PRODUCT = YES;
			};
			name = Release;
		};
		28FDA7D2269DA3AB00F36261 /* Debug */ = {
			isa = XCBuildConfiguration;
			buildSettings = {
				ASSETCATALOG_COMPILER_APPICON_NAME = AppIcon;
				ASSETCATALOG_COMPILER_GLOBAL_ACCENT_COLOR_NAME = AccentColor;
				CODE_SIGN_STYLE = Automatic;
				DEVELOPMENT_ASSET_PATHS = "\"teste-image-swiftui/Preview Content\"";
				DEVELOPMENT_TEAM = 6L28B3SPDX;
				ENABLE_PREVIEWS = YES;
				INFOPLIST_FILE = "teste-image-swiftui/Info.plist";
				IPHONEOS_DEPLOYMENT_TARGET = 14.0;
				LD_RUNPATH_SEARCH_PATHS = (
					"$(inherited)",
					"@executable_path/Frameworks",
				);
				PRODUCT_BUNDLE_IDENTIFIER = "com.globo.analytics.nativesdk.teste-image-swiftui";
				PRODUCT_NAME = "$(TARGET_NAME)";
				SWIFT_VERSION = 5.0;
				TARGETED_DEVICE_FAMILY = "1,2";
			};
			name = Debug;
		};
		28FDA7D3269DA3AB00F36261 /* Release */ = {
			isa = XCBuildConfiguration;
			buildSettings = {
				ASSETCATALOG_COMPILER_APPICON_NAME = AppIcon;
				ASSETCATALOG_COMPILER_GLOBAL_ACCENT_COLOR_NAME = AccentColor;
				CODE_SIGN_STYLE = Automatic;
				DEVELOPMENT_ASSET_PATHS = "\"teste-image-swiftui/Preview Content\"";
				DEVELOPMENT_TEAM = 6L28B3SPDX;
				ENABLE_PREVIEWS = YES;
				INFOPLIST_FILE = "teste-image-swiftui/Info.plist";
				IPHONEOS_DEPLOYMENT_TARGET = 14.0;
				LD_RUNPATH_SEARCH_PATHS = (
					"$(inherited)",
					"@executable_path/Frameworks",
				);
				PRODUCT_BUNDLE_IDENTIFIER = "com.globo.analytics.nativesdk.teste-image-swiftui";
				PRODUCT_NAME = "$(TARGET_NAME)";
				SWIFT_VERSION = 5.0;
				TARGETED_DEVICE_FAMILY = "1,2";
			};
			name = Release;
		};
/* End XCBuildConfiguration section */

/* Begin XCConfigurationList section */
		28FDA7BD269DA3A800F36261 /* Build configuration list for PBXProject "teste-image-swiftui" */ = {
			isa = XCConfigurationList;
			buildConfigurations = (
				28FDA7CF269DA3AB00F36261 /* Debug */,
				28FDA7D0269DA3AB00F36261 /* Release */,
			);
			defaultConfigurationIsVisible = 0;
			defaultConfigurationName = Release;
		};
		28FDA7D1269DA3AB00F36261 /* Build configuration list for PBXNativeTarget "teste-image-swiftui" */ = {
			isa = XCConfigurationList;
			buildConfigurations = (
				28FDA7D2269DA3AB00F36261 /* Debug */,
				28FDA7D3269DA3AB00F36261 /* Release */,
			);
			defaultConfigurationIsVisible = 0;
			defaultConfigurationName = Release;
		};
/* End XCConfigurationList section */
	};
	rootObject = 28FDA7BA269DA3A800F36261 /* Project object */;
}
